
Microsoft Visual Studio Solution File, Format Version 12.00
# Visual Studio Version 16
VisualStudioVersion = 16.0.33801.447
MinimumVisualStudioVersion = 10.0.40219.1
Project("{9A19103F-16F7-4668-BE54-9A1E7A4F7556}") = "CharLoader", "CharLoader.csproj", "{9BAAC0CD-E206-4940-9757-DA90A8BC7851}"
EndProject
Global
	GlobalSection(SolutionConfigurationPlatforms) = preSolution
		Debug|Any CPU = Debug|Any CPU
		Release|Any CPU = Release|Any CPU
	EndGlobalSection
	GlobalSection(ProjectConfigurationPlatforms) = postSolution
		{9BAAC0CD-E206-4940-9757-DA90A8BC7851}.Debug|Any CPU.ActiveCfg = Debug|Any CPU
		{9BAAC0CD-E206-4940-9757-DA90A8BC7851}.Debug|Any CPU.Build.0 = Debug|Any CPU
		{9BAAC0CD-E206-4940-9757-DA90A8BC7851}.Release|Any CPU.ActiveCfg = Release|Any CPU
		{9BAAC0CD-E206-4940-9757-DA90A8BC7851}.Release|Any CPU.Build.0 = Release|Any CPU
	EndGlobalSection
	GlobalSection(SolutionProperties) = preSolution
		HideSolutionNode = FALSE
	EndGlobalSection
	GlobalSection(ExtensibilityGlobals) = postSolution
		SolutionGuid = {107F5405-57A7-411F-A3D1-CDC5C2CCA9DE}
	EndGlobalSection
EndGlobal
